
Microsoft Visual Studio Solution File, Format Version 12.00
# Visual Studio Version 17
VisualStudioVersion = 17.4.33110.190
MinimumVisualStudioVersion = 10.0.40219.1
Project("{FAE04EC0-301F-11D3-BF4B-00C04F79EFBC}") = "AverageTemp", "AverageTemp\AverageTemp.csproj", "{AAF4770A-0F15-42C8-936B-B9FDB8C082E9}"
EndProject
Global
	GlobalSection(SolutionConfigurationPlatforms) = preSolution
		Debug|Any CPU = Debug|Any CPU
		Release|Any CPU = Release|Any CPU
	EndGlobalSection
	GlobalSection(ProjectConfigurationPlatforms) = postSolution
		{AAF4770A-0F15-42C8-936B-B9FDB8C082E9}.Debug|Any CPU.ActiveCfg = Debug|Any CPU
		{AAF4770A-0F15-42C8-936B-B9FDB8C082E9}.Debug|Any CPU.Build.0 = Debug|Any CPU
		{AAF4770A-0F15-42C8-936B-B9FDB8C082E9}.Release|Any CPU.ActiveCfg = Release|Any CPU
		{AAF4770A-0F15-42C8-936B-B9FDB8C082E9}.Release|Any CPU.Build.0 = Release|Any CPU
	EndGlobalSection
	GlobalSection(SolutionProperties) = preSolution
		HideSolutionNode = FALSE
	EndGlobalSection
	GlobalSection(ExtensibilityGlobals) = postSolution
		SolutionGuid = {825FA2CE-5415-4924-B5FD-6CA4244A54A3}
	EndGlobalSection
EndGlobal
